
Microsoft Visual Studio Solution File, Format Version 12.00
# Visual Studio Version 17
VisualStudioVersion = 17.14.36811.4 d17.14
MinimumVisualStudioVersion = 10.0.40219.1
Project("{FAE04EC0-301F-11D3-BF4B-00C04F79EFBC}") = "PhuIwt-TechTest-B8A", "PhuIwt-TechTest-B8A.csproj", "{4817A75F-71AE-4C3C-AA8A-EDCED42079B9}"
EndProject
Project("{FAE04EC0-301F-11D3-BF4B-00C04F79EFBC}") = "NUnit3Tests", "..\NUnit3Tests\NUnit3Tests.csproj", "{C1233606-721B-41DF-B79D-ABEB5E1090A1}"
EndProject
Project("{FAE04EC0-301F-11D3-BF4B-00C04F79EFBC}") = "MSTestTests", "..\MSTestTests\MSTestTests.csproj", "{C0DD46C9-001E-4059-9190-1758859868E9}"
EndProject
Global
	GlobalSection(SolutionConfigurationPlatforms) = preSolution
		Debug|Any CPU = Debug|Any CPU
		Release|Any CPU = Release|Any CPU
	EndGlobalSection
	GlobalSection(ProjectConfigurationPlatforms) = postSolution
		{4817A75F-71AE-4C3C-AA8A-EDCED42079B9}.Debug|Any CPU.ActiveCfg = Debug|Any CPU
		{4817A75F-71AE-4C3C-AA8A-EDCED42079B9}.Debug|Any CPU.Build.0 = Debug|Any CPU
		{4817A75F-71AE-4C3C-AA8A-EDCED42079B9}.Release|Any CPU.ActiveCfg = Release|Any CPU
		{4817A75F-71AE-4C3C-AA8A-EDCED42079B9}.Release|Any CPU.Build.0 = Release|Any CPU
		{C1233606-721B-41DF-B79D-ABEB5E1090A1}.Debug|Any CPU.ActiveCfg = Debug|Any CPU
		{C1233606-721B-41DF-B79D-ABEB5E1090A1}.Debug|Any CPU.Build.0 = Debug|Any CPU
		{C1233606-721B-41DF-B79D-ABEB5E1090A1}.Release|Any CPU.ActiveCfg = Release|Any CPU
		{C1233606-721B-41DF-B79D-ABEB5E1090A1}.Release|Any CPU.Build.0 = Release|Any CPU
		{C0DD46C9-001E-4059-9190-1758859868E9}.Debug|Any CPU.ActiveCfg = Debug|Any CPU
		{C0DD46C9-001E-4059-9190-1758859868E9}.Debug|Any CPU.Build.0 = Debug|Any CPU
		{C0DD46C9-001E-4059-9190-1758859868E9}.Release|Any CPU.ActiveCfg = Release|Any CPU
		{C0DD46C9-001E-4059-9190-1758859868E9}.Release|Any CPU.Build.0 = Release|Any CPU
	EndGlobalSection
	GlobalSection(SolutionProperties) = preSolution
		HideSolutionNode = FALSE
	EndGlobalSection
	GlobalSection(ExtensibilityGlobals) = postSolution
		SolutionGuid = {C63AD479-03FF-49DE-B4D1-BA5F0DCFDC5B}
	EndGlobalSection
EndGlobal
